Microsoft Visual Studio Solution File, Format Version 12.00
# Visual Studio Version 17
VisualStudioVersion = 17.5.2.0
MinimumVisualStudioVersion = 10.0.40219.1
Project("{FAE04EC0-301F-11D3-BF4B-00C04F79EFBC}") = "prac1_lab_cjjosmer", "prac1_lab_cjjosmer.csproj", "{9959E6BA-4B5A-BB21-0255-3CF80E479266}"
EndProject
Global
	GlobalSection(SolutionConfigurationPlatforms) = preSolution
		Debug|Any CPU = Debug|Any CPU
		Release|Any CPU = Release|Any CPU
	EndGlobalSection
	GlobalSection(ProjectConfigurationPlatforms) = postSolution
		{9959E6BA-4B5A-BB21-0255-3CF80E479266}.Debug|Any CPU.ActiveCfg = Debug|Any CPU
		{9959E6BA-4B5A-BB21-0255-3CF80E479266}.Debug|Any CPU.Build.0 = Debug|Any CPU
		{9959E6BA-4B5A-BB21-0255-3CF80E479266}.Release|Any CPU.ActiveCfg = Release|Any CPU
		{9959E6BA-4B5A-BB21-0255-3CF80E479266}.Release|Any CPU.Build.0 = Release|Any CPU
	EndGlobalSection
	GlobalSection(SolutionProperties) = preSolution
		HideSolutionNode = FALSE
	EndGlobalSection
	GlobalSection(ExtensibilityGlobals) = postSolution
		SolutionGuid = {F51A3E11-A4E9-4771-80DA-135CC3B234C2}
	EndGlobalSection
EndGlobal
